{
  "name": "PhD",
  "lockfileVersion": 3,
  "requires": true,
  "packages": {
    "": {
      "dependencies": {
        "memora-cli": "^0.2.0"
      }
    },
    "node_modules/memora-cli": {
      "version": "0.2.0",
      "resolved": "https://registry.npmjs.org/memora-cli/-/memora-cli-0.2.0.tgz",
      "integrity": "sha512-nsX6NraQ143QMftp4eCXxFpNJjh7pvbdpeslCvtIlyrw6CBJzoeJqKFvJ6WseHchjaK3+TuFuzKc079LmRt44A==",
      "hasInstallScript": true,
      "license": "MIT",
      "bin": {
        "memora": "bin/memora.js"
      },
      "engines": {
        "node": ">=16"
      }
    }
  }
}
